# This file is automatically @generated by Cargo.
# It is not intended for manual editing.
version = 3

[[package]]
name = "autocfg"
version = "1.1.0"
source = "registry+https://github.com/rust-lang/crates.io-index"
checksum = "d468802bab17cbc0cc575e9b053f41e72aa36bfa6b7f55e3529ffa43161b97fa"

[[package]]
name = "dtoa"
version = "0.4.3"
source = "registry+https://github.com/rust-lang/crates.io-index"
checksum = "6d301140eb411af13d3115f9a562c85cc6b541ade9dfa314132244aaee7489dd"

[[package]]
name = "fixedbitset"
version = "0.4.2"
source = "registry+https://github.com/rust-lang/crates.io-index"
checksum = "0ce7134b9999ecaf8bcd65542e436736ef32ddca1b3e06094cb6ec5755203b80"

[[package]]
name = "hashbrown"
version = "0.12.3"
source = "registry+https://github.com/rust-lang/crates.io-index"
checksum = "8a9ee70c43aaf417c914396645a0fa852624801b24ebb7ae78fe8272889ac888"

[[package]]
name = "indexmap"
version = "1.9.1"
source = "registry+https://github.com/rust-lang/crates.io-index"
checksum = "10a35a97730320ffe8e2d410b5d3b69279b98d2c14bdb8b70ea89ecf7888d41e"
dependencies = [
 "autocfg",
 "hashbrown",
]

[[package]]
name = "itoa"
version = "0.4.2"
source = "registry+https://github.com/rust-lang/crates.io-index"
checksum = "5adb58558dcd1d786b5f0bd15f3226ee23486e24b7b58304b60f64dc68e62606"

[[package]]
name = "libc"
version = "0.2.42"
source = "registry+https://github.com/rust-lang/crates.io-index"
checksum = "b685088df2b950fccadf07a7187c8ef846a959c142338a48f9dc0b94517eb5f1"

[[package]]
name = "memchr"
version = "2.0.1"
source = "registry+https://github.com/rust-lang/crates.io-index"
checksum = "796fba70e76612589ed2ce7f45282f5af869e0fdd7cc6199fa1aa1f1d591ba9d"
dependencies = [
 "libc",
]

[[package]]
name = "nom"
version = "4.0.0"
source = "registry+https://github.com/rust-lang/crates.io-index"
checksum = "898696750eb5c3ce5eb5afbfbe46e7f7c4e1936e19d3e97be4b7937da7b6d114"
dependencies = [
 "memchr",
]

[[package]]
name = "petgraph"
version = "0.6.2"
source = "registry+https://github.com/rust-lang/crates.io-index"
checksum = "e6d5014253a1331579ce62aa67443b4a658c5e7dd03d4bc6d302b94474888143"
dependencies = [
 "fixedbitset",
 "indexmap",
 "serde",
 "serde_derive",
]

[[package]]
name = "proc-macro2"
version = "0.4.6"
source = "registry+https://github.com/rust-lang/crates.io-index"
checksum = "effdb53b25cdad54f8f48843d67398f7ef2e14f12c1b4cb4effc549a6462a4d6"
dependencies = [
 "unicode-xid",
]

[[package]]
name = "quote"
version = "0.6.3"
source = "registry+https://github.com/rust-lang/crates.io-index"
checksum = "e44651a0dc4cdd99f71c83b561e221f714912d11af1a4dff0631f923d53af035"
dependencies = [
 "proc-macro2",
]

[[package]]
name = "serde"
version = "1.0.69"
source = "registry+https://github.com/rust-lang/crates.io-index"
checksum = "210e5a3b159c566d7527e9b22e44be73f2e0fcc330bb78fef4dbccb56d2e74c8"

[[package]]
name = "serde_derive"
version = "1.0.69"
source = "registry+https://github.com/rust-lang/crates.io-index"
checksum = "dd724d68017ae3a7e63600ee4b2fdb3cad2158ffd1821d44aff4580f63e2b593"
dependencies = [
 "proc-macro2",
 "quote",
 "syn",
]

[[package]]
name = "serde_json"
version = "1.0.22"
source = "registry+https://github.com/rust-lang/crates.io-index"
checksum = "84b8035cabe9b35878adec8ac5fe03d5f6bc97ff6edd7ccb96b44c1276ba390e"
dependencies = [
 "dtoa",
 "itoa",
 "serde",
]

[[package]]
name = "syn"
version = "0.14.4"
source = "registry+https://github.com/rust-lang/crates.io-index"
checksum = "2beff8ebc3658f07512a413866875adddd20f4fd47b2a4e6c9da65cd281baaea"
dependencies = [
 "proc-macro2",
 "quote",
 "unicode-xid",
]

[[package]]
name = "unicode-xid"
version = "0.1.0"
source = "registry+https://github.com/rust-lang/crates.io-index"
checksum = "fc72304796d0818e357ead4e000d19c9c174ab23dc11093ac919054d20a6a7fc"

[[package]]
name = "vectorizer"
version = "0.1.0"
dependencies = [
 "nom",
 "petgraph",
 "serde",
 "serde_derive",
 "serde_json",
]
